// !$*UTF8*$!
{
	archiveVersion = 1;
	classes = {
	};
	objectVersion = 46;
	objects = {

/* Begin PBXBuildFile section */
		0D5636ED1EC6F2B500D6A86B /* CheckPriceModel.m in Sources */ = {isa = PBXBuildFile; fileRef = 0D5636EC1EC6F2B500D6A86B /* CheckPriceModel.m */; };
		0D5636F01EC6F33F00D6A86B /* CheckPriceResult.m in Sources */ = {isa = PBXBuildFile; fileRef = 0D5636EF1EC6F33F00D6A86B /* CheckPriceResult.m */; };
		0D5636F41EC7018F00D6A86B /* UIView+CurrentVC.m in Sources */ = {isa = PBXBuildFile; fileRef = 0D5636F31EC7018F00D6A86B /* UIView+CurrentVC.m */; };
		0DE81ED21EC4ABA50001782B /* BaseTableViewController.m in Sources */ = {isa = PBXBuildFile; fileRef = 0DE81E861EC4ABA50001782B /* BaseTableViewController.m */; };
		0DE81ED31EC4ABA50001782B /* BaseViewController.m in Sources */ = {isa = PBXBuildFile; fileRef = 0DE81E881EC4ABA50001782B /* BaseViewController.m */; };
		0DE81ED41EC4ABA50001782B /* Cabin.m in Sources */ = {isa = PBXBuildFile; fileRef = 0DE81E8A1EC4ABA50001782B /* Cabin.m */; };
		0DE81ED61EC4ABA50001782B /* CitiesGroup.m in Sources */ = {isa = PBXBuildFile; fileRef = 0DE81E8E1EC4ABA50001782B /* CitiesGroup.m */; };
		0DE81ED71EC4ABA50001782B /* City.m in Sources */ = {isa = PBXBuildFile; fileRef = 0DE81E901EC4ABA50001782B /* City.m */; };
		0DE81ED81EC4ABA50001782B /* AppDelegate.m in Sources */ = {isa = PBXBuildFile; fileRef = 0DE81E931EC4ABA50001782B /* AppDelegate.m */; };
		0DE81ED91EC4ABA50001782B /* CalendarViewController.m in Sources */ = {isa = PBXBuildFile; fileRef = 0DE81E951EC4ABA50001782B /* CalendarViewController.m */; };
		0DE81EDA1EC4ABA50001782B /* CitiesModel.m in Sources */ = {isa = PBXBuildFile; fileRef = 0DE81E971EC4ABA50001782B /* CitiesModel.m */; };
		0DE81EDB1EC4ABA50001782B /* CitiesViewController.m in Sources */ = {isa = PBXBuildFile; fileRef = 0DE81E991EC4ABA50001782B /* CitiesViewController.m */; };
		0DE81EDC1EC4ABA50001782B /* CityCollectionCell.m in Sources */ = {isa = PBXBuildFile; fileRef = 0DE81E9B1EC4ABA50001782B /* CityCollectionCell.m */; };
		0DE81EDD1EC4ABA50001782B /* CityMarkCell.m in Sources */ = {isa = PBXBuildFile; fileRef = 0DE81E9D1EC4ABA50001782B /* CityMarkCell.m */; };
		0DE81EDE1EC4ABA50001782B /* DayCell.m in Sources */ = {isa = PBXBuildFile; fileRef = 0DE81E9F1EC4ABA50001782B /* DayCell.m */; };
		0DE81EDF1EC4ABA50001782B /* LoginTypeController.m in Sources */ = {isa = PBXBuildFile; fileRef = 0DE81EA11EC4ABA50001782B /* LoginTypeController.m */; };
		0DE81EE01EC4ABA50001782B /* LoginViewController.m in Sources */ = {isa = PBXBuildFile; fileRef = 0DE81EA31EC4ABA50001782B /* LoginViewController.m */; };
		0DE81EE11EC4ABA50001782B /* main.m in Sources */ = {isa = PBXBuildFile; fileRef = 0DE81EA41EC4ABA50001782B /* main.m */; };
		0DE81EE21EC4ABA50001782B /* MeViewController.m in Sources */ = {isa = PBXBuildFile; fileRef = 0DE81EA61EC4ABA50001782B /* MeViewController.m */; };
		0DE81EE31EC4ABA50001782B /* MonthCell.m in Sources */ = {isa = PBXBuildFile; fileRef = 0DE81EA81EC4ABA50001782B /* MonthCell.m */; };
		0DE81EE41EC4ABA50001782B /* QueryFlightModel.m in Sources */ = {isa = PBXBuildFile; fileRef = 0DE81EAA1EC4ABA50001782B /* QueryFlightModel.m */; };
		0DE81EE51EC4ABA50001782B /* SearchViewController.m in Sources */ = {isa = PBXBuildFile; fileRef = 0DE81EAC1EC4ABA50001782B /* SearchViewController.m */; };
		0DE81EE61EC4ABA50001782B /* SendCodeModel.m in Sources */ = {isa = PBXBuildFile; fileRef = 0DE81EAE1EC4ABA50001782B /* SendCodeModel.m */; };
		0DE81EE71EC4ABA50001782B /* CyAlertView.m in Sources */ = {isa = PBXBuildFile; fileRef = 0DE81EB01EC4ABA50001782B /* CyAlertView.m */; };
		0DE81EE81EC4ABA50001782B /* User.m in Sources */ = {isa = PBXBuildFile; fileRef = 0DE81EB31EC4ABA50001782B /* User.m */; };
		0DE81EE91EC4ABA50001782B /* Flight.m in Sources */ = {isa = PBXBuildFile; fileRef = 0DE81EB51EC4ABA50001782B /* Flight.m */; };
		0DE81EEA1EC4ABA50001782B /* Insurances.m in Sources */ = {isa = PBXBuildFile; fileRef = 0DE81EB71EC4ABA50001782B /* Insurances.m */; };
		0DE81EEB1EC4ABA50001782B /* LoginUser.m in Sources */ = {isa = PBXBuildFile; fileRef = 0DE81EB91EC4ABA50001782B /* LoginUser.m */; };
		0DE81EEC1EC4ABA50001782B /* MBProgressHUD.m in Sources */ = {isa = PBXBuildFile; fileRef = 0DE81EBB1EC4ABA50001782B /* MBProgressHUD.m */; };
		0DE81EED1EC4ABA50001782B /* NetWorkTool.m in Sources */ = {isa = PBXBuildFile; fileRef = 0DE81EBD1EC4ABA50001782B /* NetWorkTool.m */; };
		0DE81EEE1EC4ABA50001782B /* NSObject+Cache.m in Sources */ = {isa = PBXBuildFile; fileRef = 0DE81EBF1EC4ABA50001782B /* NSObject+Cache.m */; };
		0DE81EEF1EC4ABA50001782B /* Passenger.m in Sources */ = {isa = PBXBuildFile; fileRef = 0DE81EC11EC4ABA50001782B /* Passenger.m */; };
		0DE81EF01EC4ABA50001782B /* QueryFlightResult.m in Sources */ = {isa = PBXBuildFile; fileRef = 0DE81EC31EC4ABA50001782B /* QueryFlightResult.m */; };
		0DE81EF11EC4ABA50001782B /* Assets.xcassets in Resources */ = {isa = PBXBuildFile; fileRef = 0DE81EC51EC4ABA50001782B /* Assets.xcassets */; };
		0DE81EF21EC4ABA50001782B /* Info.plist in Resources */ = {isa = PBXBuildFile; fileRef = 0DE81EC61EC4ABA50001782B /* Info.plist */; };
		0DE81EF31EC4ABA50001782B /* UIColor+Hex.m in Sources */ = {isa = PBXBuildFile; fileRef = 0DE81EC81EC4ABA50001782B /* UIColor+Hex.m */; };
		0DE81EF41EC4ABA50001782B /* UserModel.m in Sources */ = {isa = PBXBuildFile; fileRef = 0DE81ECB1EC4ABA50001782B /* UserModel.m */; };
		0DE81EF51EC4ABA50001782B /* LaunchScreen.storyboard in Resources */ = {isa = PBXBuildFile; fileRef = 0DE81ECD1EC4ABA50001782B /* LaunchScreen.storyboard */; };
		0DE81EF61EC4ABA50001782B /* Main.storyboard in Resources */ = {isa = PBXBuildFile; fileRef = 0DE81ECF1EC4ABA50001782B /* Main.storyboard */; };
		0DE81EF71EC4ABA50001782B /* Login.storyboard in Resources */ = {isa = PBXBuildFile; fileRef = 0DE81ED11EC4ABA50001782B /* Login.storyboard */; };
		0DE81F0B1EC4B38F0001782B /* SearchResultViewController.m in Sources */ = {isa = PBXBuildFile; fileRef = 0DE81F0A1EC4B38F0001782B /* SearchResultViewController.m */; };
		0DE81F0E1EC4B7740001782B /* FlightInfoCell.m in Sources */ = {isa = PBXBuildFile; fileRef = 0DE81F0D1EC4B7740001782B /* FlightInfoCell.m */; };
		0DE81F121EC4B9040001782B /* NSDate+ToString.m in Sources */ = {isa = PBXBuildFile; fileRef = 0DE81F111EC4B9040001782B /* NSDate+ToString.m */; };
		0DE81F151EC4B9150001782B /* NSString+ToDate.m in Sources */ = {isa = PBXBuildFile; fileRef = 0DE81F141EC4B9150001782B /* NSString+ToDate.m */; };
		0DE81F191EC4BC050001782B /* NSString+Attributed.m in Sources */ = {isa = PBXBuildFile; fileRef = 0DE81F181EC4BC050001782B /* NSString+Attributed.m */; };
		0DE81F1C1EC4CC8E0001782B /* CabinInfoCell.m in Sources */ = {isa = PBXBuildFile; fileRef = 0DE81F1B1EC4CC8E0001782B /* CabinInfoCell.m */; };
		0DECEAD41EC71E87005F1072 /* Book_TitleCell.m in Sources */ = {isa = PBXBuildFile; fileRef = 0DECEAD31EC71E87005F1072 /* Book_TitleCell.m */; };
		0DECEAD71EC71EA7005F1072 /* Book_PassengerTitleCell.m in Sources */ = {isa = PBXBuildFile; fileRef = 0DECEAD61EC71EA7005F1072 /* Book_PassengerTitleCell.m */; };
		0DECEADA1EC71EB8005F1072 /* Book_PassengerCell.m in Sources */ = {isa = PBXBuildFile; fileRef = 0DECEAD91EC71EB8005F1072 /* Book_PassengerCell.m */; };
		0DECEADD1EC71EC6005F1072 /* Book_PassengerNullCell.m in Sources */ = {isa = PBXBuildFile; fileRef = 0DECEADC1EC71EC6005F1072 /* Book_PassengerNullCell.m */; };
		0DECEAE01EC71ED7005F1072 /* Book_AddPassengerCell.m in Sources */ = {isa = PBXBuildFile; fileRef = 0DECEADF1EC71ED7005F1072 /* Book_AddPassengerCell.m */; };
		0DECEAE31EC71EF9005F1072 /* Book_LinkManCell.m in Sources */ = {isa = PBXBuildFile; fileRef = 0DECEAE21EC71EF9005F1072 /* Book_LinkManCell.m */; };
		0DECEAE61EC71F09005F1072 /* Book_LinkPhoneCell.m in Sources */ = {isa = PBXBuildFile; fileRef = 0DECEAE51EC71F09005F1072 /* Book_LinkPhoneCell.m */; };
		0DECEAE91EC71F3B005F1072 /* Book_InsurancesCell.m in Sources */ = {isa = PBXBuildFile; fileRef = 0DECEAE81EC71F3B005F1072 /* Book_InsurancesCell.m */; };
		0DECEAEC1EC71FA1005F1072 /* Book_NeedAddressCell.m in Sources */ = {isa = PBXBuildFile; fileRef = 0DECEAEB1EC71FA1005F1072 /* Book_NeedAddressCell.m */; };
		0DECEAEF1EC71FB4005F1072 /* Book_AddressCell.m in Sources */ = {isa = PBXBuildFile; fileRef = 0DECEAEE1EC71FB4005F1072 /* Book_AddressCell.m */; };
		0DECEAF21EC720D5005F1072 /* CreatOrderViewController.m in Sources */ = {isa = PBXBuildFile; fileRef = 0DECEAF11EC720D5005F1072 /* CreatOrderViewController.m */; };
		0DECEAF51EC74EE6005F1072 /* BookOrderEntity.m in Sources */ = {isa = PBXBuildFile; fileRef = 0DECEAF41EC74EE6005F1072 /* BookOrderEntity.m */; };
		8BCECEE2EA28EC05789D2D5E /* libPods-Travel.a in Frameworks */ = {isa = PBXBuildFile; fileRef = BEBD91E9151B5F35DB40EC08 /* libPods-Travel.a */; };
		B555B6171EC572B900BD1A5F /* FiltrateViewController.m in Sources */ = {isa = PBXBuildFile; fileRef = B555B6161EC572B900BD1A5F /* FiltrateViewController.m */; };
/* End PBXBuildFile section */

/* Begin PBXFileReference section */
		0D5636EB1EC6F2B500D6A86B /* CheckPriceModel.h */ = {isa = PBXFileReference; fileEncoding = 4; lastKnownFileType = sourcecode.c.h; path = CheckPriceModel.h; sourceTree = "<group>"; };
		0D5636EC1EC6F2B500D6A86B /* CheckPriceModel.m */ = {isa = PBXFileReference; fileEncoding = 4; lastKnownFileType = sourcecode.c.objc; path = CheckPriceModel.m; sourceTree = "<group>"; };
		0D5636EE1EC6F33F00D6A86B /* CheckPriceResult.h */ = {isa = PBXFileReference; fileEncoding = 4; lastKnownFileType = sourcecode.c.h; path = CheckPriceResult.h; sourceTree = "<group>"; };
		0D5636EF1EC6F33F00D6A86B /* CheckPriceResult.m */ = {isa = PBXFileReference; fileEncoding = 4; lastKnownFileType = sourcecode.c.objc; path = CheckPriceResult.m; sourceTree = "<group>"; };
		0D5636F21EC7018F00D6A86B /* UIView+CurrentVC.h */ = {isa = PBXFileReference; fileEncoding = 4; lastKnownFileType = sourcecode.c.h; path = "UIView+CurrentVC.h"; sourceTree = "<group>"; };
		0D5636F31EC7018F00D6A86B /* UIView+CurrentVC.m */ = {isa = PBXFileReference; fileEncoding = 4; lastKnownFileType = sourcecode.c.objc; path = "UIView+CurrentVC.m"; sourceTree = "<group>"; };
		0DE81E851EC4ABA50001782B /* BaseTableViewController.h */ = {isa = PBXFileReference; fileEncoding = 4; lastKnownFileType = sourcecode.c.h; path = BaseTableViewController.h; sourceTree = "<group>"; };
		0DE81E861EC4ABA50001782B /* BaseTableViewController.m */ = {isa = PBXFileReference; fileEncoding = 4; lastKnownFileType = sourcecode.c.objc; path = BaseTableViewController.m; sourceTree = "<group>"; };
		0DE81E871EC4ABA50001782B /* BaseViewController.h */ = {isa = PBXFileReference; fileEncoding = 4; lastKnownFileType = sourcecode.c.h; path = BaseViewController.h; sourceTree = "<group>"; };
		0DE81E881EC4ABA50001782B /* BaseViewController.m */ = {isa = PBXFileReference; fileEncoding = 4; lastKnownFileType = sourcecode.c.objc; path = BaseViewController.m; sourceTree = "<group>"; };
		0DE81E891EC4ABA50001782B /* Cabin.h */ = {isa = PBXFileReference; fileEncoding = 4; lastKnownFileType = sourcecode.c.h; name = Cabin.h; path = ../Cabin.h; sourceTree = "<group>"; };
		0DE81E8A1EC4ABA50001782B /* Cabin.m */ = {isa = PBXFileReference; fileEncoding = 4; lastKnownFileType = sourcecode.c.objc; name = Cabin.m; path = ../Cabin.m; sourceTree = "<group>"; };
		0DE81E8D1EC4ABA50001782B /* CitiesGroup.h */ = {isa = PBXFileReference; fileEncoding = 4; lastKnownFileType = sourcecode.c.h; name = CitiesGroup.h; path = ../CitiesGroup.h; sourceTree = "<group>"; };
		0DE81E8E1EC4ABA50001782B /* CitiesGroup.m */ = {isa = PBXFileReference; fileEncoding = 4; lastKnownFileType = sourcecode.c.objc; name = CitiesGroup.m; path = ../CitiesGroup.m; sourceTree = "<group>"; };
		0DE81E8F1EC4ABA50001782B /* City.h */ = {isa = PBXFileReference; fileEncoding = 4; lastKnownFileType = sourcecode.c.h; name = City.h; path = ../City.h; sourceTree = "<group>"; };
		0DE81E901EC4ABA50001782B /* City.m */ = {isa = PBXFileReference; fileEncoding = 4; lastKnownFileType = sourcecode.c.objc; name = City.m; path = ../City.m; sourceTree = "<group>"; };
		0DE81E921EC4ABA50001782B /* AppDelegate.h */ = {isa = PBXFileReference; fileEncoding = 4; lastKnownFileType = sourcecode.c.h; name = AppDelegate.h; path = Controller/AppDelegate.h; sourceTree = "<group>"; };
		0DE81E931EC4ABA50001782B /* AppDelegate.m */ = {isa = PBXFileReference; fileEncoding = 4; lastKnownFileType = sourcecode.c.objc; name = AppDelegate.m; path = Controller/AppDelegate.m; sourceTree = "<group>"; };
		0DE81E941EC4ABA50001782B /* CalendarViewController.h */ = {isa = PBXFileReference; fileEncoding = 4; lastKnownFileType = sourcecode.c.h; name = CalendarViewController.h; path = Controller/CalendarViewController.h; sourceTree = "<group>"; };
		0DE81E951EC4ABA50001782B /* CalendarViewController.m */ = {isa = PBXFileReference; fileEncoding = 4; lastKnownFileType = sourcecode.c.objc; name = CalendarViewController.m; path = Controller/CalendarViewController.m; sourceTree = "<group>"; };
		0DE81E961EC4ABA50001782B /* CitiesModel.h */ = {isa = PBXFileReference; fileEncoding = 4; lastKnownFileType = sourcecode.c.h; name = CitiesModel.h; path = Controller/CitiesModel.h; sourceTree = "<group>"; };
		0DE81E971EC4ABA50001782B /* CitiesModel.m */ = {isa = PBXFileReference; fileEncoding = 4; lastKnownFileType = sourcecode.c.objc; name = CitiesModel.m; path = Controller/CitiesModel.m; sourceTree = "<group>"; };
		0DE81E981EC4ABA50001782B /* CitiesViewController.h */ = {isa = PBXFileReference; fileEncoding = 4; lastKnownFileType = sourcecode.c.h; name = CitiesViewController.h; path = Controller/CitiesViewController.h; sourceTree = "<group>"; };
		0DE81E991EC4ABA50001782B /* CitiesViewController.m */ = {isa = PBXFileReference; fileEncoding = 4; lastKnownFileType = sourcecode.c.objc; name = CitiesViewController.m; path = Controller/CitiesViewController.m; sourceTree = "<group>"; };
		0DE81E9A1EC4ABA50001782B /* CityCollectionCell.h */ = {isa = PBXFileReference; fileEncoding = 4; lastKnownFileType = sourcecode.c.h; name = CityCollectionCell.h; path = Controller/CityCollectionCell.h; sourceTree = "<group>"; };
		0DE81E9B1EC4ABA50001782B /* CityCollectionCell.m */ = {isa = PBXFileReference; fileEncoding = 4; lastKnownFileType = sourcecode.c.objc; name = CityCollectionCell.m; path = Controller/CityCollectionCell.m; sourceTree = "<group>"; };
		0DE81E9C1EC4ABA50001782B /* CityMarkCell.h */ = {isa = PBXFileReference; fileEncoding = 4; lastKnownFileType = sourcecode.c.h; name = CityMarkCell.h; path = Controller/CityMarkCell.h; sourceTree = "<group>"; };
		0DE81E9D1EC4ABA50001782B /* CityMarkCell.m */ = {isa = PBXFileReference; fileEncoding = 4; lastKnownFileType = sourcecode.c.objc; name = CityMarkCell.m; path = Controller/CityMarkCell.m; sourceTree = "<group>"; };
		0DE81E9E1EC4ABA50001782B /* DayCell.h */ = {isa = PBXFileReference; fileEncoding = 4; lastKnownFileType = sourcecode.c.h; name = DayCell.h; path = Controller/DayCell.h; sourceTree = "<group>"; };
		0DE81E9F1EC4ABA50001782B /* DayCell.m */ = {isa = PBXFileReference; fileEncoding = 4; lastKnownFileType = sourcecode.c.objc; name = DayCell.m; path = Controller/DayCell.m; sourceTree = "<group>"; };
		0DE81EA01EC4ABA50001782B /* LoginTypeController.h */ = {isa = PBXFileReference; fileEncoding = 4; lastKnownFileType = sourcecode.c.h; name = LoginTypeController.h; path = Controller/LoginTypeController.h; sourceTree = "<group>"; };
		0DE81EA11EC4ABA50001782B /* LoginTypeController.m */ = {isa = PBXFileReference; fileEncoding = 4; lastKnownFileType = sourcecode.c.objc; name = LoginTypeController.m; path = Controller/LoginTypeController.m; sourceTree = "<group>"; };
		0DE81EA21EC4ABA50001782B /* LoginViewController.h */ = {isa = PBXFileReference; fileEncoding = 4; lastKnownFileType = sourcecode.c.h; name = LoginViewController.h; path = Controller/LoginViewController.h; sourceTree = "<group>"; };
		0DE81EA31EC4ABA50001782B /* LoginViewController.m */ = {isa = PBXFileReference; fileEncoding = 4; lastKnownFileType = sourcecode.c.objc; name = LoginViewController.m; path = Controller/LoginViewController.m; sourceTree = "<group>"; };
		0DE81EA41EC4ABA50001782B /* main.m */ = {isa = PBXFileReference; fileEncoding = 4; lastKnownFileType = sourcecode.c.objc; name = main.m; path = Controller/main.m; sourceTree = "<group>"; };
		0DE81EA51EC4ABA50001782B /* MeViewController.h */ = {isa = PBXFileReference; fileEncoding = 4; lastKnownFileType = sourcecode.c.h; name = MeViewController.h; path = Controller/MeViewController.h; sourceTree = "<group>"; };
		0DE81EA61EC4ABA50001782B /* MeViewController.m */ = {isa = PBXFileReference; fileEncoding = 4; lastKnownFileType = sourcecode.c.objc; name = MeViewController.m; path = Controller/MeViewController.m; sourceTree = "<group>"; };
		0DE81EA71EC4ABA50001782B /* MonthCell.h */ = {isa = PBXFileReference; fileEncoding = 4; lastKnownFileType = sourcecode.c.h; name = MonthCell.h; path = Controller/MonthCell.h; sourceTree = "<group>"; };
		0DE81EA81EC4ABA50001782B /* MonthCell.m */ = {isa = PBXFileReference; fileEncoding = 4; lastKnownFileType = sourcecode.c.objc; name = MonthCell.m; path = Controller/MonthCell.m; sourceTree = "<group>"; };
		0DE81EA91EC4ABA50001782B /* QueryFlightModel.h */ = {isa = PBXFileReference; fileEncoding = 4; lastKnownFileType = sourcecode.c.h; name = QueryFlightModel.h; path = Controller/QueryFlightModel.h; sourceTree = "<group>"; };
		0DE81EAA1EC4ABA50001782B /* QueryFlightModel.m */ = {isa = PBXFileReference; fileEncoding = 4; lastKnownFileType = sourcecode.c.objc; name = QueryFlightModel.m; path = Controller/QueryFlightModel.m; sourceTree = "<group>"; };
		0DE81EAB1EC4ABA50001782B /* SearchViewController.h */ = {isa = PBXFileReference; fileEncoding = 4; lastKnownFileType = sourcecode.c.h; name = SearchViewController.h; path = Controller/SearchViewController.h; sourceTree = "<group>"; };
		0DE81EAC1EC4ABA50001782B /* SearchViewController.m */ = {isa = PBXFileReference; fileEncoding = 4; lastKnownFileType = sourcecode.c.objc; name = SearchViewController.m; path = Controller/SearchViewController.m; sourceTree = "<group>"; };
		0DE81EAD1EC4ABA50001782B /* SendCodeModel.h */ = {isa = PBXFileReference; fileEncoding = 4; lastKnownFileType = sourcecode.c.h; name = SendCodeModel.h; path = Controller/SendCodeModel.h; sourceTree = "<group>"; };
		0DE81EAE1EC4ABA50001782B /* SendCodeModel.m */ = {isa = PBXFileReference; fileEncoding = 4; lastKnownFileType = sourcecode.c.objc; name = SendCodeModel.m; path = Controller/SendCodeModel.m; sourceTree = "<group>"; };
		0DE81EAF1EC4ABA50001782B /* CyAlertView.h */ = {isa = PBXFileReference; fileEncoding = 4; lastKnownFileType = sourcecode.c.h; path = CyAlertView.h; sourceTree = "<group>"; };
		0DE81EB01EC4ABA50001782B /* CyAlertView.m */ = {isa = PBXFileReference; fileEncoding = 4; lastKnownFileType = sourcecode.c.objc; path = CyAlertView.m; sourceTree = "<group>"; };
		0DE81EB21EC4ABA50001782B /* User.h */ = {isa = PBXFileReference; fileEncoding = 4; lastKnownFileType = sourcecode.c.h; path = User.h; sourceTree = "<group>"; };
		0DE81EB31EC4ABA50001782B /* User.m */ = {isa = PBXFileReference; fileEncoding = 4; lastKnownFileType = sourcecode.c.objc; path = User.m; sourceTree = "<group>"; };
		0DE81EB41EC4ABA50001782B /* Flight.h */ = {isa = PBXFileReference; fileEncoding = 4; lastKnownFileType = sourcecode.c.h; name = Flight.h; path = ../Flight.h; sourceTree = "<group>"; };
		0DE81EB51EC4ABA50001782B /* Flight.m */ = {isa = PBXFileReference; fileEncoding = 4; lastKnownFileType = sourcecode.c.objc; name = Flight.m; path = ../Flight.m; sourceTree = "<group>"; };
		0DE81EB61EC4ABA50001782B /* Insurances.h */ = {isa = PBXFileReference; fileEncoding = 4; lastKnownFileType = sourcecode.c.h; name = Insurances.h; path = ../Insurances.h; sourceTree = "<group>"; };
		0DE81EB71EC4ABA50001782B /* Insurances.m */ = {isa = PBXFileReference; fileEncoding = 4; lastKnownFileType = sourcecode.c.objc; name = Insurances.m; path = ../Insurances.m; sourceTree = "<group>"; };
		0DE81EB81EC4ABA50001782B /* LoginUser.h */ = {isa = PBXFileReference; fileEncoding = 4; lastKnownFileType = sourcecode.c.h; path = LoginUser.h; sourceTree = "<group>"; };
		0DE81EB91EC4ABA50001782B /* LoginUser.m */ = {isa = PBXFileReference; fileEncoding = 4; lastKnownFileType = sourcecode.c.objc; path = LoginUser.m; sourceTree = "<group>"; };
		0DE81EBA1EC4ABA50001782B /* MBProgressHUD.h */ = {isa = PBXFileReference; fileEncoding = 4; lastKnownFileType = sourcecode.c.h; path = MBProgressHUD.h; sourceTree = "<group>"; };
		0DE81EBB1EC4ABA50001782B /* MBProgressHUD.m */ = {isa = PBXFileReference; fileEncoding = 4; lastKnownFileType = sourcecode.c.objc; path = MBProgressHUD.m; sourceTree = "<group>"; };
		0DE81EBC1EC4ABA50001782B /* NetWorkTool.h */ = {isa = PBXFileReference; fileEncoding = 4; lastKnownFileType = sourcecode.c.h; path = NetWorkTool.h; sourceTree = "<group>"; };
		0DE81EBD1EC4ABA50001782B /* NetWorkTool.m */ = {isa = PBXFileReference; fileEncoding = 4; lastKnownFileType = sourcecode.c.objc; path = NetWorkTool.m; sourceTree = "<group>"; };
		0DE81EBE1EC4ABA50001782B /* NSObject+Cache.h */ = {isa = PBXFileReference; fileEncoding = 4; lastKnownFileType = sourcecode.c.h; path = "NSObject+Cache.h"; sourceTree = "<group>"; };
		0DE81EBF1EC4ABA50001782B /* NSObject+Cache.m */ = {isa = PBXFileReference; fileEncoding = 4; lastKnownFileType = sourcecode.c.objc; path = "NSObject+Cache.m"; sourceTree = "<group>"; };
		0DE81EC01EC4ABA50001782B /* Passenger.h */ = {isa = PBXFileReference; fileEncoding = 4; lastKnownFileType = sourcecode.c.h; name = Passenger.h; path = ../Passenger.h; sourceTree = "<group>"; };
		0DE81EC11EC4ABA50001782B /* Passenger.m */ = {isa = PBXFileReference; fileEncoding = 4; lastKnownFileType = sourcecode.c.objc; name = Passenger.m; path = ../Passenger.m; sourceTree = "<group>"; };
		0DE81EC21EC4ABA50001782B /* QueryFlightResult.h */ = {isa = PBXFileReference; fileEncoding = 4; lastKnownFileType = sourcecode.c.h; name = QueryFlightResult.h; path = ../QueryFlightResult.h; sourceTree = "<group>"; };
		0DE81EC31EC4ABA50001782B /* QueryFlightResult.m */ = {isa = PBXFileReference; fileEncoding = 4; lastKnownFileType = sourcecode.c.objc; name = QueryFlightResult.m; path = ../QueryFlightResult.m; sourceTree = "<group>"; };
		0DE81EC51EC4ABA50001782B /* Assets.xcassets */ = {isa = PBXFileReference; lastKnownFileType = folder.assetcatalog; path = Assets.xcassets; sourceTree = "<group>"; };
		0DE81EC61EC4ABA50001782B /* Info.plist */ = {isa = PBXFileReference; fileEncoding = 4; lastKnownFileType = text.plist.xml; path = Info.plist; sourceTree = "<group>"; };
		0DE81EC71EC4ABA50001782B /* UIColor+Hex.h */ = {isa = PBXFileReference; fileEncoding = 4; lastKnownFileType = sourcecode.c.h; path = "UIColor+Hex.h"; sourceTree = "<group>"; };
		0DE81EC81EC4ABA50001782B /* UIColor+Hex.m */ = {isa = PBXFileReference; fileEncoding = 4; lastKnownFileType = sourcecode.c.objc; path = "UIColor+Hex.m"; sourceTree = "<group>"; };
		0DE81EC91EC4ABA50001782B /* URLConfig.h */ = {isa = PBXFileReference; fileEncoding = 4; lastKnownFileType = sourcecode.c.h; path = URLConfig.h; sourceTree = "<group>"; };
		0DE81ECA1EC4ABA50001782B /* UserModel.h */ = {isa = PBXFileReference; fileEncoding = 4; lastKnownFileType = sourcecode.c.h; name = UserModel.h; path = ../UserModel.h; sourceTree = "<group>"; };
		0DE81ECB1EC4ABA50001782B /* UserModel.m */ = {isa = PBXFileReference; fileEncoding = 4; lastKnownFileType = sourcecode.c.objc; name = UserModel.m; path = ../UserModel.m; sourceTree = "<group>"; };
		0DE81ECE1EC4ABA50001782B /* Base */ = {isa = PBXFileReference; lastKnownFileType = file.storyboard; name = Base; path = Base.lproj/LaunchScreen.storyboard; sourceTree = "<group>"; };
		0DE81ED01EC4ABA50001782B /* Base */ = {isa = PBXFileReference; lastKnownFileType = file.storyboard; name = Base; path = Base.lproj/Main.storyboard; sourceTree = "<group>"; };
		0DE81ED11EC4ABA50001782B /* Login.storyboard */ = {isa = PBXFileReference; fileEncoding = 4; lastKnownFileType = file.storyboard; path = Login.storyboard; sourceTree = "<group>"; };
		0DE81F091EC4B38F0001782B /* SearchResultViewController.h */ = {isa = PBXFileReference; fileEncoding = 4; lastKnownFileType = sourcecode.c.h; path = SearchResultViewController.h; sourceTree = "<group>"; };
		0DE81F0A1EC4B38F0001782B /* SearchResultViewController.m */ = {isa = PBXFileReference; fileEncoding = 4; lastKnownFileType = sourcecode.c.objc; path = SearchResultViewController.m; sourceTree = "<group>"; };
		0DE81F0C1EC4B7740001782B /* FlightInfoCell.h */ = {isa = PBXFileReference; fileEncoding = 4; lastKnownFileType = sourcecode.c.h; path = FlightInfoCell.h; sourceTree = "<group>"; };
		0DE81F0D1EC4B7740001782B /* FlightInfoCell.m */ = {isa = PBXFileReference; fileEncoding = 4; lastKnownFileType = sourcecode.c.objc; path = FlightInfoCell.m; sourceTree = "<group>"; };
		0DE81F101EC4B9040001782B /* NSDate+ToString.h */ = {isa = PBXFileReference; fileEncoding = 4; lastKnownFileType = sourcecode.c.h; path = "NSDate+ToString.h"; sourceTree = "<group>"; };
		0DE81F111EC4B9040001782B /* NSDate+ToString.m */ = {isa = PBXFileReference; fileEncoding = 4; lastKnownFileType = sourcecode.c.objc; path = "NSDate+ToString.m"; sourceTree = "<group>"; };
		0DE81F131EC4B9150001782B /* NSString+ToDate.h */ = {isa = PBXFileReference; fileEncoding = 4; lastKnownFileType = sourcecode.c.h; path = "NSString+ToDate.h"; sourceTree = "<group>"; };
		0DE81F141EC4B9150001782B /* NSString+ToDate.m */ = {isa = PBXFileReference; fileEncoding = 4; lastKnownFileType = sourcecode.c.objc; path = "NSString+ToDate.m"; sourceTree = "<group>"; };
		0DE81F171EC4BC050001782B /* NSString+Attributed.h */ = {isa = PBXFileReference; fileEncoding = 4; lastKnownFileType = sourcecode.c.h; path = "NSString+Attributed.h"; sourceTree = "<group>"; };
		0DE81F181EC4BC050001782B /* NSString+Attributed.m */ = {isa = PBXFileReference; fileEncoding = 4; lastKnownFileType = sourcecode.c.objc; path = "NSString+Attributed.m"; sourceTree = "<group>"; };
		0DE81F1A1EC4CC8E0001782B /* CabinInfoCell.h */ = {isa = PBXFileReference; fileEncoding = 4; lastKnownFileType = sourcecode.c.h; path = CabinInfoCell.h; sourceTree = "<group>"; };
		0DE81F1B1EC4CC8E0001782B /* CabinInfoCell.m */ = {isa = PBXFileReference; fileEncoding = 4; lastKnownFileType = sourcecode.c.objc; path = CabinInfoCell.m; sourceTree = "<group>"; };
		0DECEAD21EC71E87005F1072 /* Book_TitleCell.h */ = {isa = PBXFileReference; fileEncoding = 4; lastKnownFileType = sourcecode.c.h; path = Book_TitleCell.h; sourceTree = "<group>"; };
		0DECEAD31EC71E87005F1072 /* Book_TitleCell.m */ = {isa = PBXFileReference; fileEncoding = 4; lastKnownFileType = sourcecode.c.objc; path = Book_TitleCell.m; sourceTree = "<group>"; };
		0DECEAD51EC71EA7005F1072 /* Book_PassengerTitleCell.h */ = {isa = PBXFileReference; fileEncoding = 4; lastKnownFileType = sourcecode.c.h; path = Book_PassengerTitleCell.h; sourceTree = "<group>"; };
		0DECEAD61EC71EA7005F1072 /* Book_PassengerTitleCell.m */ = {isa = PBXFileReference; fileEncoding = 4; lastKnownFileType = sourcecode.c.objc; path = Book_PassengerTitleCell.m; sourceTree = "<group>"; };
		0DECEAD81EC71EB8005F1072 /* Book_PassengerCell.h */ = {isa = PBXFileReference; fileEncoding = 4; lastKnownFileType = sourcecode.c.h; path = Book_PassengerCell.h; sourceTree = "<group>"; };
		0DECEAD91EC71EB8005F1072 /* Book_PassengerCell.m */ = {isa = PBXFileReference; fileEncoding = 4; lastKnownFileType = sourcecode.c.objc; path = Book_PassengerCell.m; sourceTree = "<group>"; };
		0DECEADB1EC71EC6005F1072 /* Book_PassengerNullCell.h */ = {isa = PBXFileReference; fileEncoding = 4; lastKnownFileType = sourcecode.c.h; path = Book_PassengerNullCell.h; sourceTree = "<group>"; };
		0DECEADC1EC71EC6005F1072 /* Book_PassengerNullCell.m */ = {isa = PBXFileReference; fileEncoding = 4; lastKnownFileType = sourcecode.c.objc; path = Book_PassengerNullCell.m; sourceTree = "<group>"; };
		0DECEADE1EC71ED7005F1072 /* Book_AddPassengerCell.h */ = {isa = PBXFileReference; fileEncoding = 4; lastKnownFileType = sourcecode.c.h; path = Book_AddPassengerCell.h; sourceTree = "<group>"; };
		0DECEADF1EC71ED7005F1072 /* Book_AddPassengerCell.m */ = {isa = PBXFileReference; fileEncoding = 4; lastKnownFileType = sourcecode.c.objc; path = Book_AddPassengerCell.m; sourceTree = "<group>"; };
		0DECEAE11EC71EF9005F1072 /* Book_LinkManCell.h */ = {isa = PBXFileReference; fileEncoding = 4; lastKnownFileType = sourcecode.c.h; path = Book_LinkManCell.h; sourceTree = "<group>"; };
		0DECEAE21EC71EF9005F1072 /* Book_LinkManCell.m */ = {isa = PBXFileReference; fileEncoding = 4; lastKnownFileType = sourcecode.c.objc; path = Book_LinkManCell.m; sourceTree = "<group>"; };
		0DECEAE41EC71F09005F1072 /* Book_LinkPhoneCell.h */ = {isa = PBXFileReference; fileEncoding = 4; lastKnownFileType = sourcecode.c.h; path = Book_LinkPhoneCell.h; sourceTree = "<group>"; };
		0DECEAE51EC71F09005F1072 /* Book_LinkPhoneCell.m */ = {isa = PBXFileReference; fileEncoding = 4; lastKnownFileType = sourcecode.c.objc; path = Book_LinkPhoneCell.m; sourceTree = "<group>"; };
		0DECEAE71EC71F3B005F1072 /* Book_InsurancesCell.h */ = {isa = PBXFileReference; fileEncoding = 4; lastKnownFileType = sourcecode.c.h; path = Book_InsurancesCell.h; sourceTree = "<group>"; };
		0DECEAE81EC71F3B005F1072 /* Book_InsurancesCell.m */ = {isa = PBXFileReference; fileEncoding = 4; lastKnownFileType = sourcecode.c.objc; path = Book_InsurancesCell.m; sourceTree = "<group>"; };
		0DECEAEA1EC71FA1005F1072 /* Book_NeedAddressCell.h */ = {isa = PBXFileReference; fileEncoding = 4; lastKnownFileType = sourcecode.c.h; path = Book_NeedAddressCell.h; sourceTree = "<group>"; };
		0DECEAEB1EC71FA1005F1072 /* Book_NeedAddressCell.m */ = {isa = PBXFileReference; fileEncoding = 4; lastKnownFileType = sourcecode.c.objc; path = Book_NeedAddressCell.m; sourceTree = "<group>"; };
		0DECEAED1EC71FB4005F1072 /* Book_AddressCell.h */ = {isa = PBXFileReference; fileEncoding = 4; lastKnownFileType = sourcecode.c.h; path = Book_AddressCell.h; sourceTree = "<group>"; };
		0DECEAEE1EC71FB4005F1072 /* Book_AddressCell.m */ = {isa = PBXFileReference; fileEncoding = 4; lastKnownFileType = sourcecode.c.objc; path = Book_AddressCell.m; sourceTree = "<group>"; };
		0DECEAF01EC720D5005F1072 /* CreatOrderViewController.h */ = {isa = PBXFileReference; fileEncoding = 4; lastKnownFileType = sourcecode.c.h; path = CreatOrderViewController.h; sourceTree = "<group>"; };
		0DECEAF11EC720D5005F1072 /* CreatOrderViewController.m */ = {isa = PBXFileReference; fileEncoding = 4; lastKnownFileType = sourcecode.c.objc; path = CreatOrderViewController.m; sourceTree = "<group>"; };
		0DECEAF31EC74EE6005F1072 /* BookOrderEntity.h */ = {isa = PBXFileReference; fileEncoding = 4; lastKnownFileType = sourcecode.c.h; path = BookOrderEntity.h; sourceTree = "<group>"; };
		0DECEAF41EC74EE6005F1072 /* BookOrderEntity.m */ = {isa = PBXFileReference; fileEncoding = 4; lastKnownFileType = sourcecode.c.objc; path = BookOrderEntity.m; sourceTree = "<group>"; };
		B555B5801EC0980700BD1A5F /* Travel.app */ = {isa = PBXFileReference; explicitFileType = wrapper.application; includeInIndex = 0; path = Travel.app; sourceTree = BUILT_PRODUCTS_DIR; };
		B555B6151EC572B900BD1A5F /* FiltrateViewController.h */ = {isa = PBXFileReference; fileEncoding = 4; lastKnownFileType = sourcecode.c.h; path = FiltrateViewController.h; sourceTree = "<group>"; };
		B555B6161EC572B900BD1A5F /* FiltrateViewController.m */ = {isa = PBXFileReference; fileEncoding = 4; lastKnownFileType = sourcecode.c.objc; path = FiltrateViewController.m; sourceTree = "<group>"; };
		BEBD91E9151B5F35DB40EC08 /* libPods-Travel.a */ = {isa = PBXFileReference; explicitFileType = archive.ar; includeInIndex = 0; path = "libPods-Travel.a"; sourceTree = BUILT_PRODUCTS_DIR; };
		D9AEAAD41348E26170B3E684 /* Pods-Travel.debug.xcconfig */ = {isa = PBXFileReference; includeInIndex = 1; lastKnownFileType = text.xcconfig; name = "Pods-Travel.debug.xcconfig"; path = "Pods/Target Support Files/Pods-Travel/Pods-Travel.debug.xcconfig"; sourceTree = "<group>"; };
		E0D406C9B14C21ABCA87EBF8 /* Pods-Travel.release.xcconfig */ = {isa = PBXFileReference; includeInIndex = 1; lastKnownFileType = text.xcconfig; name = "Pods-Travel.release.xcconfig"; path = "Pods/Target Support Files/Pods-Travel/Pods-Travel.release.xcconfig"; sourceTree = "<group>"; };
/* End PBXFileReference section */

/* Begin PBXFrameworksBuildPhase section */
		B555B57D1EC0980700BD1A5F /* Frameworks */ = {
			isa = PBXFrameworksBuildPhase;
			buildActionMask = 2147483647;
			files = (
				8BCECEE2EA28EC05789D2D5E /* libPods-Travel.a in Frameworks */,
			);
			runOnlyForDeploymentPostprocessing = 0;
		};
/* End PBXFrameworksBuildPhase section */

/* Begin PBXGroup section */
		0D5636F11EC7016000D6A86B /* CurrentVC */ = {
			isa = PBXGroup;
			children = (
				0D5636F21EC7018F00D6A86B /* UIView+CurrentVC.h */,
				0D5636F31EC7018F00D6A86B /* UIView+CurrentVC.m */,
			);
			name = CurrentVC;
			sourceTree = "<group>";
		};
		0DE81E841EC4ABA50001782B /* Travel */ = {
			isa = PBXGroup;
			children = (
				0DE81F031EC4AC760001782B /* Common */,
				0DE81EFB1EC4ABD80001782B /* Tool */,
				0DE81EFA1EC4ABD00001782B /* Login */,
				0DE81EF91EC4ABC90001782B /* Me */,
				0DE81EF81EC4ABC00001782B /* Book */,
				0DE81EB11EC4ABA50001782B /* Entity */,
				0DE81EC41EC4ABA50001782B /* Resource */,
				0DE81ECC1EC4ABA50001782B /* StoryBoard */,
			);
			path = Travel;
			sourceTree = "<group>";
		};
		0DE81EB11EC4ABA50001782B /* Entity */ = {
			isa = PBXGroup;
			children = (
				0DE81ECA1EC4ABA50001782B /* UserModel.h */,
				0DE81ECB1EC4ABA50001782B /* UserModel.m */,
				0DE81EC21EC4ABA50001782B /* QueryFlightResult.h */,
				0DE81EC31EC4ABA50001782B /* QueryFlightResult.m */,
				0DE81EC01EC4ABA50001782B /* Passenger.h */,
				0DE81EC11EC4ABA50001782B /* Passenger.m */,
				0DE81E891EC4ABA50001782B /* Cabin.h */,
				0DE81E8A1EC4ABA50001782B /* Cabin.m */,
				0DE81E8D1EC4ABA50001782B /* CitiesGroup.h */,
				0DE81E8E1EC4ABA50001782B /* CitiesGroup.m */,
				0DE81E8F1EC4ABA50001782B /* City.h */,
				0DE81E901EC4ABA50001782B /* City.m */,
				0DE81EB41EC4ABA50001782B /* Flight.h */,
				0DE81EB51EC4ABA50001782B /* Flight.m */,
				0DE81EB61EC4ABA50001782B /* Insurances.h */,
				0DE81EB71EC4ABA50001782B /* Insurances.m */,
				0DE81EB21EC4ABA50001782B /* User.h */,
				0DE81EB31EC4ABA50001782B /* User.m */,
				0D5636EE1EC6F33F00D6A86B /* CheckPriceResult.h */,
				0D5636EF1EC6F33F00D6A86B /* CheckPriceResult.m */,
				0DECEAF31EC74EE6005F1072 /* BookOrderEntity.h */,
				0DECEAF41EC74EE6005F1072 /* BookOrderEntity.m */,
			);
			path = Entity;
			sourceTree = "<group>";
		};
		0DE81EC41EC4ABA50001782B /* Resource */ = {
			isa = PBXGroup;
			children = (
				0DE81EC51EC4ABA50001782B /* Assets.xcassets */,
				0DE81EC61EC4ABA50001782B /* Info.plist */,
			);
			path = Resource;
			sourceTree = "<group>";
		};
		0DE81ECC1EC4ABA50001782B /* StoryBoard */ = {
			isa = PBXGroup;
			children = (
				0DE81ECD1EC4ABA50001782B /* LaunchScreen.storyboard */,
				0DE81ECF1EC4ABA50001782B /* Main.storyboard */,
				0DE81ED11EC4ABA50001782B /* Login.storyboard */,
			);
			name = StoryBoard;
			path = View;
			sourceTree = "<group>";
		};
		0DE81EF81EC4ABC00001782B /* Book */ = {
			isa = PBXGroup;
			children = (
				0DE81F061EC4ACAC0001782B /* View */,
				0DE81F051EC4ACA70001782B /* Model */,
				0DE81F041EC4AC9E0001782B /* Controller */,
			);
			name = Book;
			sourceTree = "<group>";
		};
		0DE81EF91EC4ABC90001782B /* Me */ = {
			isa = PBXGroup;
			children = (
				0DE81EA51EC4ABA50001782B /* MeViewController.h */,
				0DE81EA61EC4ABA50001782B /* MeViewController.m */,
			);
			name = Me;
			sourceTree = "<group>";
		};
		0DE81EFA1EC4ABD00001782B /* Login */ = {
			isa = PBXGroup;
			children = (
				0DE81F081EC4AD0A0001782B /* Controller */,
				0DE81F071EC4AD040001782B /* Model */,
			);
			name = Login;
			sourceTree = "<group>";
		};
		0DE81EFB1EC4ABD80001782B /* Tool */ = {
			isa = PBXGroup;
			children = (
				0D5636F11EC7016000D6A86B /* CurrentVC */,
				0DE81F161EC4BBDB0001782B /* AttributedString */,
				0DE81F0F1EC4B8B50001782B /* DateMethod */,
				0DE81F021EC4AC5E0001782B /* ColorHex */,
				0DE81F011EC4AC450001782B /* Cache */,
				0DE81F001EC4AC380001782B /* NetWork */,
				0DE81EFF1EC4AC280001782B /* Hud */,
				0DE81EFE1EC4AC150001782B /* LoginUser */,
				0DE81EFD1EC4AC000001782B /* Alert */,
				0DE81EFC1EC4ABE60001782B /* BaseVC */,
			);
			name = Tool;
			sourceTree = "<group>";
		};
		0DE81EFC1EC4ABE60001782B /* BaseVC */ = {
			isa = PBXGroup;
			children = (
				0DE81E851EC4ABA50001782B /* BaseTableViewController.h */,
				0DE81E861EC4ABA50001782B /* BaseTableViewController.m */,
				0DE81E871EC4ABA50001782B /* BaseViewController.h */,
				0DE81E881EC4ABA50001782B /* BaseViewController.m */,
			);
			name = BaseVC;
			sourceTree = "<group>";
		};
		0DE81EFD1EC4AC000001782B /* Alert */ = {
			isa = PBXGroup;
			children = (
				0DE81EAF1EC4ABA50001782B /* CyAlertView.h */,
				0DE81EB01EC4ABA50001782B /* CyAlertView.m */,
			);
			name = Alert;
			sourceTree = "<group>";
		};
		0DE81EFE1EC4AC150001782B /* LoginUser */ = {
			isa = PBXGroup;
			children = (
				0DE81EB81EC4ABA50001782B /* LoginUser.h */,
				0DE81EB91EC4ABA50001782B /* LoginUser.m */,
			);
			name = LoginUser;
			sourceTree = "<group>";
		};
		0DE81EFF1EC4AC280001782B /* Hud */ = {
			isa = PBXGroup;
			children = (
				0DE81EBA1EC4ABA50001782B /* MBProgressHUD.h */,
				0DE81EBB1EC4ABA50001782B /* MBProgressHUD.m */,
			);
			name = Hud;
			sourceTree = "<group>";
		};
		0DE81F001EC4AC380001782B /* NetWork */ = {
			isa = PBXGroup;
			children = (
				0DE81EC91EC4ABA50001782B /* URLConfig.h */,
				0DE81EBC1EC4ABA50001782B /* NetWorkTool.h */,
				0DE81EBD1EC4ABA50001782B /* NetWorkTool.m */,
			);
			name = NetWork;
			sourceTree = "<group>";
		};
		0DE81F011EC4AC450001782B /* Cache */ = {
			isa = PBXGroup;
			children = (
				0DE81EBE1EC4ABA50001782B /* NSObject+Cache.h */,
				0DE81EBF1EC4ABA50001782B /* NSObject+Cache.m */,
			);
			name = Cache;
			sourceTree = "<group>";
		};
		0DE81F021EC4AC5E0001782B /* ColorHex */ = {
			isa = PBXGroup;
			children = (
				0DE81EC71EC4ABA50001782B /* UIColor+Hex.h */,
				0DE81EC81EC4ABA50001782B /* UIColor+Hex.m */,
			);
			name = ColorHex;
			sourceTree = "<group>";
		};
		0DE81F031EC4AC760001782B /* Common */ = {
			isa = PBXGroup;
			children = (
				0DE81EA41EC4ABA50001782B /* main.m */,
				0DE81E921EC4ABA50001782B /* AppDelegate.h */,
				0DE81E931EC4ABA50001782B /* AppDelegate.m */,
			);
			name = Common;
			sourceTree = "<group>";
		};
		0DE81F041EC4AC9E0001782B /* Controller */ = {
			isa = PBXGroup;
			children = (
				0DE81EAB1EC4ABA50001782B /* SearchViewController.h */,
				0DE81EAC1EC4ABA50001782B /* SearchViewController.m */,
				0DE81E981EC4ABA50001782B /* CitiesViewController.h */,
				0DE81E991EC4ABA50001782B /* CitiesViewController.m */,
				0DE81E941EC4ABA50001782B /* CalendarViewController.h */,
				0DE81E951EC4ABA50001782B /* CalendarViewController.m */,
				0DE81F091EC4B38F0001782B /* SearchResultViewController.h */,
				0DE81F0A1EC4B38F0001782B /* SearchResultViewController.m */,
				B555B6151EC572B900BD1A5F /* FiltrateViewController.h */,
				B555B6161EC572B900BD1A5F /* FiltrateViewController.m */,
				0DECEAF01EC720D5005F1072 /* CreatOrderViewController.h */,
				0DECEAF11EC720D5005F1072 /* CreatOrderViewController.m */,
			);
			name = Controller;
			sourceTree = "<group>";
		};
		0DE81F051EC4ACA70001782B /* Model */ = {
			isa = PBXGroup;
			children = (
				0DE81E961EC4ABA50001782B /* CitiesModel.h */,
				0DE81E971EC4ABA50001782B /* CitiesModel.m */,
				0DE81EA91EC4ABA50001782B /* QueryFlightModel.h */,
				0DE81EAA1EC4ABA50001782B /* QueryFlightModel.m */,
				0D5636EB1EC6F2B500D6A86B /* CheckPriceModel.h */,
				0D5636EC1EC6F2B500D6A86B /* CheckPriceModel.m */,
			);
			name = Model;
			sourceTree = "<group>";
		};
		0DE81F061EC4ACAC0001782B /* View */ = {
			isa = PBXGroup;
			children = (
				0DECEAD11EC71E32005F1072 /* CreatOrder */,
				0DE81E9A1EC4ABA50001782B /* CityCollectionCell.h */,
				0DE81E9B1EC4ABA50001782B /* CityCollectionCell.m */,
				0DE81E9C1EC4ABA50001782B /* CityMarkCell.h */,
				0DE81E9D1EC4ABA50001782B /* CityMarkCell.m */,
				0DE81E9E1EC4ABA50001782B /* DayCell.h */,
				0DE81E9F1EC4ABA50001782B /* DayCell.m */,
				0DE81EA71EC4ABA50001782B /* MonthCell.h */,
				0DE81EA81EC4ABA50001782B /* MonthCell.m */,
				0DE81F0C1EC4B7740001782B /* FlightInfoCell.h */,
				0DE81F0D1EC4B7740001782B /* FlightInfoCell.m */,
				0DE81F1A1EC4CC8E0001782B /* CabinInfoCell.h */,
				0DE81F1B1EC4CC8E0001782B /* CabinInfoCell.m */,
			);
			name = View;
			sourceTree = "<group>";
		};
		0DE81F071EC4AD040001782B /* Model */ = {
			isa = PBXGroup;
			children = (
				0DE81EAD1EC4ABA50001782B /* SendCodeModel.h */,
				0DE81EAE1EC4ABA50001782B /* SendCodeModel.m */,
			);
			name = Model;
			sourceTree = "<group>";
		};
		0DE81F081EC4AD0A0001782B /* Controller */ = {
			isa = PBXGroup;
			children = (
				0DE81EA01EC4ABA50001782B /* LoginTypeController.h */,
				0DE81EA11EC4ABA50001782B /* LoginTypeController.m */,
				0DE81EA21EC4ABA50001782B /* LoginViewController.h */,
				0DE81EA31EC4ABA50001782B /* LoginViewController.m */,
			);
			name = Controller;
			sourceTree = "<group>";
		};
		0DE81F0F1EC4B8B50001782B /* DateMethod */ = {
			isa = PBXGroup;
			children = (
				0DE81F101EC4B9040001782B /* NSDate+ToString.h */,
				0DE81F111EC4B9040001782B /* NSDate+ToString.m */,
				0DE81F131EC4B9150001782B /* NSString+ToDate.h */,
				0DE81F141EC4B9150001782B /* NSString+ToDate.m */,
			);
			name = DateMethod;
			sourceTree = "<group>";
		};
		0DE81F161EC4BBDB0001782B /* AttributedString */ = {
			isa = PBXGroup;
			children = (
				0DE81F171EC4BC050001782B /* NSString+Attributed.h */,
				0DE81F181EC4BC050001782B /* NSString+Attributed.m */,
			);
			name = AttributedString;
			sourceTree = "<group>";
		};
		0DECEAD11EC71E32005F1072 /* CreatOrder */ = {
			isa = PBXGroup;
			children = (
				0DECEAD21EC71E87005F1072 /* Book_TitleCell.h */,
				0DECEAD31EC71E87005F1072 /* Book_TitleCell.m */,
				0DECEAD51EC71EA7005F1072 /* Book_PassengerTitleCell.h */,
				0DECEAD61EC71EA7005F1072 /* Book_PassengerTitleCell.m */,
				0DECEAD81EC71EB8005F1072 /* Book_PassengerCell.h */,
				0DECEAD91EC71EB8005F1072 /* Book_PassengerCell.m */,
				0DECEADB1EC71EC6005F1072 /* Book_PassengerNullCell.h */,
				0DECEADC1EC71EC6005F1072 /* Book_PassengerNullCell.m */,
				0DECEADE1EC71ED7005F1072 /* Book_AddPassengerCell.h */,
				0DECEADF1EC71ED7005F1072 /* Book_AddPassengerCell.m */,
				0DECEAE11EC71EF9005F1072 /* Book_LinkManCell.h */,
				0DECEAE21EC71EF9005F1072 /* Book_LinkManCell.m */,
				0DECEAE41EC71F09005F1072 /* Book_LinkPhoneCell.h */,
				0DECEAE51EC71F09005F1072 /* Book_LinkPhoneCell.m */,
				0DECEAE71EC71F3B005F1072 /* Book_InsurancesCell.h */,
				0DECEAE81EC71F3B005F1072 /* Book_InsurancesCell.m */,
				0DECEAEA1EC71FA1005F1072 /* Book_NeedAddressCell.h */,
				0DECEAEB1EC71FA1005F1072 /* Book_NeedAddressCell.m */,
				0DECEAED1EC71FB4005F1072 /* Book_AddressCell.h */,
				0DECEAEE1EC71FB4005F1072 /* Book_AddressCell.m */,
			);
			name = CreatOrder;
			sourceTree = "<group>";
		};
		2585498618EDF411453C2678 /* Frameworks */ = {
			isa = PBXGroup;
			children = (
				BEBD91E9151B5F35DB40EC08 /* libPods-Travel.a */,
			);
			name = Frameworks;
			sourceTree = "<group>";
		};
		B555B5771EC0980700BD1A5F = {
			isa = PBXGroup;
			children = (
				0DE81E841EC4ABA50001782B /* Travel */,
				B555B5811EC0980700BD1A5F /* Products */,
				E8ABBF00DEC2B87A8A697F15 /* Pods */,
				2585498618EDF411453C2678 /* Frameworks */,
			);
			sourceTree = "<group>";
		};
		B555B5811EC0980700BD1A5F /* Products */ = {
			isa = PBXGroup;
			children = (
				B555B5801EC0980700BD1A5F /* Travel.app */,
			);
			name = Products;
			sourceTree = "<group>";
		};
		E8ABBF00DEC2B87A8A697F15 /* Pods */ = {
			isa = PBXGroup;
			children = (
				D9AEAAD41348E26170B3E684 /* Pods-Travel.debug.xcconfig */,
				E0D406C9B14C21ABCA87EBF8 /* Pods-Travel.release.xcconfig */,
			);
			name = Pods;
			sourceTree = "<group>";
		};
/* End PBXGroup section */

/* Begin PBXNativeTarget section */
		B555B57F1EC0980700BD1A5F /* Travel */ = {
			isa = PBXNativeTarget;
			buildConfigurationList = B555B59A1EC0980800BD1A5F /* Build configuration list for PBXNativeTarget "Travel" */;
			buildPhases = (
				39CA95FC85BEF4A882A3C293 /* [CP] Check Pods Manifest.lock */,
				B555B57C1EC0980700BD1A5F /* Sources */,
				B555B57D1EC0980700BD1A5F /* Frameworks */,
				B555B57E1EC0980700BD1A5F /* Resources */,
				7CFA98FC38BDD61ACC68DA1C /* [CP] Embed Pods Frameworks */,
				4ACAC5B15331F35598F89411 /* [CP] Copy Pods Resources */,
			);
			buildRules = (
			);
			dependencies = (
			);
			name = Travel;
			productName = DreamColor;
			productReference = B555B5801EC0980700BD1A5F /* Travel.app */;
			productType = "com.apple.product-type.application";
		};
/* End PBXNativeTarget section */

/* Begin PBXProject section */
		B555B5781EC0980700BD1A5F /* Project object */ = {
			isa = PBXProject;
			attributes = {
				LastUpgradeCheck = 0830;
				ORGANIZATIONNAME = Nil;
				TargetAttributes = {
					B555B57F1EC0980700BD1A5F = {
						CreatedOnToolsVersion = 8.3.2;
						DevelopmentTeam = V29Q7RH333;
						ProvisioningStyle = Automatic;
					};
				};
			};
			buildConfigurationList = B555B57B1EC0980700BD1A5F /* Build configuration list for PBXProject "Travel" */;
			compatibilityVersion = "Xcode 3.2";
			developmentRegion = English;
			hasScannedForEncodings = 0;
			knownRegions = (
				en,
				Base,
			);
			mainGroup = B555B5771EC0980700BD1A5F;
			productRefGroup = B555B5811EC0980700BD1A5F /* Products */;
			projectDirPath = "";
			projectRoot = "";
			targets = (
				B555B57F1EC0980700BD1A5F /* Travel */,
			);
		};
/* End PBXProject section */

/* Begin PBXResourcesBuildPhase section */
		B555B57E1EC0980700BD1A5F /* Resources */ = {
			isa = PBXResourcesBuildPhase;
			buildActionMask = 2147483647;
			files = (
				0DE81EF51EC4ABA50001782B /* LaunchScreen.storyboard in Resources */,
				0DE81EF21EC4ABA50001782B /* Info.plist in Resources */,
				0DE81EF11EC4ABA50001782B /* Assets.xcassets in Resources */,
				0DE81EF71EC4ABA50001782B /* Login.storyboard in Resources */,
				0DE81EF61EC4ABA50001782B /* Main.storyboard in Resources */,
			);
			runOnlyForDeploymentPostprocessing = 0;
		};
/* End PBXResourcesBuildPhase section */

/* Begin PBXShellScriptBuildPhase section */
		39CA95FC85BEF4A882A3C293 /* [CP] Check Pods Manifest.lock */ = {
			isa = PBXShellScriptBuildPhase;
			buildActionMask = 2147483647;
			files = (
			);
			inputPaths = (
			);
			name = "[CP] Check Pods Manifest.lock";
			outputPaths = (
			);
			runOnlyForDeploymentPostprocessing = 0;
			shellPath = /bin/sh;
			shellScript = "diff \"${PODS_PODFILE_DIR_PATH}/Podfile.lock\" \"${PODS_ROOT}/Manifest.lock\" > /dev/null\nif [ $? != 0 ] ; then\n    # print error to STDERR\n    echo \"error: The sandbox is not in sync with the Podfile.lock. Run 'pod install' or update your CocoaPods installation.\" >&2\n    exit 1\nfi\n";
			showEnvVarsInLog = 0;
		};
		4ACAC5B15331F35598F89411 /* [CP] Copy Pods Resources */ = {
			isa = PBXShellScriptBuildPhase;
			buildActionMask = 2147483647;
			files = (
			);
			inputPaths = (
			);
			name = "[CP] Copy Pods Resources";
			outputPaths = (
			);
			runOnlyForDeploymentPostprocessing = 0;
			shellPath = /bin/sh;
			shellScript = "\"${SRCROOT}/Pods/Target Support Files/Pods-Travel/Pods-Travel-resources.sh\"\n";
			showEnvVarsInLog = 0;
		};
		7CFA98FC38BDD61ACC68DA1C /* [CP] Embed Pods Frameworks */ = {
			isa = PBXShellScriptBuildPhase;
			buildActionMask = 2147483647;
			files = (
			);
			inputPaths = (
			);
			name = "[CP] Embed Pods Frameworks";
			outputPaths = (
			);
			runOnlyForDeploymentPostprocessing = 0;
			shellPath = /bin/sh;
			shellScript = "\"${SRCROOT}/Pods/Target Support Files/Pods-Travel/Pods-Travel-frameworks.sh\"\n";
			showEnvVarsInLog = 0;
		};
/* End PBXShellScriptBuildPhase section */

/* Begin PBXSourcesBuildPhase section */
		B555B57C1EC0980700BD1A5F /* Sources */ = {
			isa = PBXSourcesBuildPhase;
			buildActionMask = 2147483647;
			files = (
				0DECEAF21EC720D5005F1072 /* CreatOrderViewController.m in Sources */,
				0DE81ED41EC4ABA50001782B /* Cabin.m in Sources */,
				0DECEAE31EC71EF9005F1072 /* Book_LinkManCell.m in Sources */,
				0DECEADA1EC71EB8005F1072 /* Book_PassengerCell.m in Sources */,
				0DE81EDD1EC4ABA50001782B /* CityMarkCell.m in Sources */,
				0DE81F191EC4BC050001782B /* NSString+Attributed.m in Sources */,
				0DE81EEB1EC4ABA50001782B /* LoginUser.m in Sources */,
				0DE81EE51EC4ABA50001782B /* SearchViewController.m in Sources */,
				B555B6171EC572B900BD1A5F /* FiltrateViewController.m in Sources */,
				0DE81EF01EC4ABA50001782B /* QueryFlightResult.m in Sources */,
				0DECEAEF1EC71FB4005F1072 /* Book_AddressCell.m in Sources */,
				0DE81F0E1EC4B7740001782B /* FlightInfoCell.m in Sources */,
				0DE81EDF1EC4ABA50001782B /* LoginTypeController.m in Sources */,
				0DE81EE71EC4ABA50001782B /* CyAlertView.m in Sources */,
				0DE81EDC1EC4ABA50001782B /* CityCollectionCell.m in Sources */,
				0DE81EED1EC4ABA50001782B /* NetWorkTool.m in Sources */,
				0DECEAF51EC74EE6005F1072 /* BookOrderEntity.m in Sources */,
				0DE81EEE1EC4ABA50001782B /* NSObject+Cache.m in Sources */,
				0DECEADD1EC71EC6005F1072 /* Book_PassengerNullCell.m in Sources */,
				0D5636F41EC7018F00D6A86B /* UIView+CurrentVC.m in Sources */,
				0DECEAE91EC71F3B005F1072 /* Book_InsurancesCell.m in Sources */,
				0DECEAE61EC71F09005F1072 /* Book_LinkPhoneCell.m in Sources */,
				0DE81ED71EC4ABA50001782B /* City.m in Sources */,
				0DE81F1C1EC4CC8E0001782B /* CabinInfoCell.m in Sources */,
				0DE81EE11EC4ABA50001782B /* main.m in Sources */,
				0DE81EDE1EC4ABA50001782B /* DayCell.m in Sources */,
				0DE81EF41EC4ABA50001782B /* UserModel.m in Sources */,
				0DE81EE31EC4ABA50001782B /* MonthCell.m in Sources */,
				0D5636ED1EC6F2B500D6A86B /* CheckPriceModel.m in Sources */,
				0DE81ED61EC4ABA50001782B /* CitiesGroup.m in Sources */,
				0DECEAD41EC71E87005F1072 /* Book_TitleCell.m in Sources */,
				0DE81EEC1EC4ABA50001782B /* MBProgressHUD.m in Sources */,
				0DE81EE81EC4ABA50001782B /* User.m in Sources */,
				0DE81ED91EC4ABA50001782B /* CalendarViewController.m in Sources */,
				0DE81EDB1EC4ABA50001782B /* CitiesViewController.m in Sources */,
				0DE81F0B1EC4B38F0001782B /* SearchResultViewController.m in Sources */,
				0DECEAD71EC71EA7005F1072 /* Book_PassengerTitleCell.m in Sources */,
				0DE81ED21EC4ABA50001782B /* BaseTableViewController.m in Sources */,
				0DE81F121EC4B9040001782B /* NSDate+ToString.m in Sources */,
				0DE81EF31EC4ABA50001782B /* UIColor+Hex.m in Sources */,
				0DE81EEF1EC4ABA50001782B /* Passenger.m in Sources */,
				0DE81ED31EC4ABA50001782B /* BaseViewController.m in Sources */,
				0DE81EE91EC4ABA50001782B /* Flight.m in Sources */,
				0DECEAE01EC71ED7005F1072 /* Book_AddPassengerCell.m in Sources */,
				0D5636F01EC6F33F00D6A86B /* CheckPriceResult.m in Sources */,
				0DE81ED81EC4ABA50001782B /* AppDelegate.m in Sources */,
				0DE81EDA1EC4ABA50001782B /* CitiesModel.m in Sources */,
				0DE81EE01EC4ABA50001782B /* LoginViewController.m in Sources */,
				0DE81EE61EC4ABA50001782B /* SendCodeModel.m in Sources */,
				0DE81EE41EC4ABA50001782B /* QueryFlightModel.m in Sources */,
				0DECEAEC1EC71FA1005F1072 /* Book_NeedAddressCell.m in Sources */,
				0DE81EEA1EC4ABA50001782B /* Insurances.m in Sources */,
				0DE81EE21EC4ABA50001782B /* MeViewController.m in Sources */,
				0DE81F151EC4B9150001782B /* NSString+ToDate.m in Sources */,
			);
			runOnlyForDeploymentPostprocessing = 0;
		};
/* End PBXSourcesBuildPhase section */

/* Begin PBXVariantGroup section */
		0DE81ECD1EC4ABA50001782B /* LaunchScreen.storyboard */ = {
			isa = PBXVariantGroup;
			children = (
				0DE81ECE1EC4ABA50001782B /* Base */,
			);
			name = LaunchScreen.storyboard;
			sourceTree = "<group>";
		};
		0DE81ECF1EC4ABA50001782B /* Main.storyboard */ = {
			isa = PBXVariantGroup;
			children = (
				0DE81ED01EC4ABA50001782B /* Base */,
			);
			name = Main.storyboard;
			sourceTree = "<group>";
		};
/* End PBXVariantGroup section */

/* Begin XCBuildConfiguration section */
		B555B5981EC0980800BD1A5F /* Debug */ = {
			isa = XCBuildConfiguration;
			buildSettings = {
				ALWAYS_SEARCH_USER_PATHS = NO;
				CLANG_ANALYZER_NONNULL = YES;
				CLANG_ANALYZER_NUMBER_OBJECT_CONVERSION = YES_AGGRESSIVE;
				CLANG_CXX_LANGUAGE_STANDARD = "gnu++0x";
				CLANG_CXX_LIBRARY = "libc++";
				CLANG_ENABLE_MODULES = YES;
				CLANG_ENABLE_OBJC_ARC = YES;
				CLANG_WARN_BOOL_CONVERSION = YES;
				CLANG_WARN_CONSTANT_CONVERSION = YES;
				CLANG_WARN_DIRECT_OBJC_ISA_USAGE = YES_ERROR;
				CLANG_WARN_DOCUMENTATION_COMMENTS = YES;
				CLANG_WARN_EMPTY_BODY = YES;
				CLANG_WARN_ENUM_CONVERSION = YES;
				CLANG_WARN_INFINITE_RECURSION = YES;
				CLANG_WARN_INT_CONVERSION = YES;
				CLANG_WARN_OBJC_ROOT_CLASS = YES_ERROR;
				CLANG_WARN_SUSPICIOUS_MOVE = YES;
				CLANG_WARN_UNREACHABLE_CODE = YES;
				CLANG_WARN__DUPLICATE_METHOD_MATCH = YES;
				"CODE_SIGN_IDENTITY[sdk=iphoneos*]" = "iPhone Developer";
				COPY_PHASE_STRIP = NO;
				DEBUG_INFORMATION_FORMAT = dwarf;
				ENABLE_STRICT_OBJC_MSGSEND = YES;
				ENABLE_TESTABILITY = YES;
				GCC_C_LANGUAGE_STANDARD = gnu99;
				GCC_DYNAMIC_NO_PIC = NO;
				GCC_NO_COMMON_BLOCKS = YES;
				GCC_OPTIMIZATION_LEVEL = 0;
				GCC_PREPROCESSOR_DEFINITIONS = (
					"DEBUG=1",
					"$(inherited)",
				);
				GCC_WARN_64_TO_32_BIT_CONVERSION = YES;
				GCC_WARN_ABOUT_RETURN_TYPE = YES_ERROR;
				GCC_WARN_UNDECLARED_SELECTOR = YES;
				GCC_WARN_UNINITIALIZED_AUTOS = YES_AGGRESSIVE;
				GCC_WARN_UNUSED_FUNCTION = YES;
				GCC_WARN_UNUSED_VARIABLE = YES;
				IPHONEOS_DEPLOYMENT_TARGET = 10.3;
				MTL_ENABLE_DEBUG_INFO = YES;
				ONLY_ACTIVE_ARCH = YES;
				SDKROOT = iphoneos;
				TARGETED_DEVICE_FAMILY = "1,2";
			};
			name = Debug;
		};
		B555B5991EC0980800BD1A5F /* Release */ = {
			isa = XCBuildConfiguration;
			buildSettings = {
				ALWAYS_SEARCH_USER_PATHS = NO;
				CLANG_ANALYZER_NONNULL = YES;
				CLANG_ANALYZER_NUMBER_OBJECT_CONVERSION = YES_AGGRESSIVE;
				CLANG_CXX_LANGUAGE_STANDARD = "gnu++0x";
				CLANG_CXX_LIBRARY = "libc++";
				CLANG_ENABLE_MODULES = YES;
				CLANG_ENABLE_OBJC_ARC = YES;
				CLANG_WARN_BOOL_CONVERSION = YES;
				CLANG_WARN_CONSTANT_CONVERSION = YES;
				CLANG_WARN_DIRECT_OBJC_ISA_USAGE = YES_ERROR;
				CLANG_WARN_DOCUMENTATION_COMMENTS = YES;
				CLANG_WARN_EMPTY_BODY = YES;
				CLANG_WARN_ENUM_CONVERSION = YES;
				CLANG_WARN_INFINITE_RECURSION = YES;
				CLANG_WARN_INT_CONVERSION = YES;
				CLANG_WARN_OBJC_ROOT_CLASS = YES_ERROR;
				CLANG_WARN_SUSPICIOUS_MOVE = YES;
				CLANG_WARN_UNREACHABLE_CODE = YES;
				CLANG_WARN__DUPLICATE_METHOD_MATCH = YES;
				"CODE_SIGN_IDENTITY[sdk=iphoneos*]" = "iPhone Developer";
				COPY_PHASE_STRIP = NO;
				DEBUG_INFORMATION_FORMAT = "dwarf-with-dsym";
				ENABLE_NS_ASSERTIONS = NO;
				ENABLE_STRICT_OBJC_MSGSEND = YES;
				GCC_C_LANGUAGE_STANDARD = gnu99;
				GCC_NO_COMMON_BLOCKS = YES;
				GCC_WARN_64_TO_32_BIT_CONVERSION = YES;
				GCC_WARN_ABOUT_RETURN_TYPE = YES_ERROR;
				GCC_WARN_UNDECLARED_SELECTOR = YES;
				GCC_WARN_UNINITIALIZED_AUTOS = YES_AGGRESSIVE;
				GCC_WARN_UNUSED_FUNCTION = YES;
				GCC_WARN_UNUSED_VARIABLE = YES;
				IPHONEOS_DEPLOYMENT_TARGET = 10.3;
				MTL_ENABLE_DEBUG_INFO = NO;
				SDKROOT = iphoneos;
				TARGETED_DEVICE_FAMILY = "1,2";
				VALIDATE_PRODUCT = YES;
			};
			name = Release;
		};
		B555B59B1EC0980800BD1A5F /* Debug */ = {
			isa = XCBuildConfiguration;
			baseConfigurationReference = D9AEAAD41348E26170B3E684 /* Pods-Travel.debug.xcconfig */;
			buildSettings = {
				ASSETCATALOG_COMPILER_APPICON_NAME = AppIcon;
				DEVELOPMENT_TEAM = V29Q7RH333;
				INFOPLIST_FILE = "$(SRCROOT)/Travel/Resource/Info.plist";
				IPHONEOS_DEPLOYMENT_TARGET = 8.0;
				LD_RUNPATH_SEARCH_PATHS = "$(inherited) @executable_path/Frameworks";
				PRODUCT_BUNDLE_IDENTIFIER = travel.news.qunau;
				PRODUCT_NAME = "$(TARGET_NAME)";
			};
			name = Debug;
		};
		B555B59C1EC0980800BD1A5F /* Release */ = {
			isa = XCBuildConfiguration;
			baseConfigurationReference = E0D406C9B14C21ABCA87EBF8 /* Pods-Travel.release.xcconfig */;
			buildSettings = {
				ASSETCATALOG_COMPILER_APPICON_NAME = AppIcon;
				DEVELOPMENT_TEAM = V29Q7RH333;
				INFOPLIST_FILE = "$(SRCROOT)/Travel/Resource/Info.plist";
				IPHONEOS_DEPLOYMENT_TARGET = 8.0;
				LD_RUNPATH_SEARCH_PATHS = "$(inherited) @executable_path/Frameworks";
				PRODUCT_BUNDLE_IDENTIFIER = travel.news.qunau;
				PRODUCT_NAME = "$(TARGET_NAME)";
			};
			name = Release;
		};
/* End XCBuildConfiguration section */

/* Begin XCConfigurationList section */
		B555B57B1EC0980700BD1A5F /* Build configuration list for PBXProject "Travel" */ = {
			isa = XCConfigurationList;
			buildConfigurations = (
				B555B5981EC0980800BD1A5F /* Debug */,
				B555B5991EC0980800BD1A5F /* Release */,
			);
			defaultConfigurationIsVisible = 0;
			defaultConfigurationName = Release;
		};
		B555B59A1EC0980800BD1A5F /* Build configuration list for PBXNativeTarget "Travel" */ = {
			isa = XCConfigurationList;
			buildConfigurations = (
				B555B59B1EC0980800BD1A5F /* Debug */,
				B555B59C1EC0980800BD1A5F /* Release */,
			);
			defaultConfigurationIsVisible = 0;
			defaultConfigurationName = Release;
		};
/* End XCConfigurationList section */
	};
	rootObject = B555B5781EC0980700BD1A5F /* Project object */;
}
